{
  "nodes": {
    "nixpkgs": {
      "locked": {
        "lastModified": 1672241162,
        "narHash": "sha256-bUnJWILClC8Gzt6Nd2/hSzghpqGX9QdjahYeUGNXFhI=",
        "owner": "ElvishJerricco",
        "repo": "nixpkgs",
        "rev": "9d78bdb028dd459aa87e181eaf5c85dc4ce26f9b",
        "type": "github"
      },
      "original": {
        "owner": "ElvishJerricco",
        "ref": "systemd-stage-1-networkd",
        "repo": "nixpkgs",
        "type": "github"
      }
    },
    "root": {
      "inputs": {
        "nixpkgs": "nixpkgs"
      }
    }
  },
  "root": "root",
  "version": 7
}
