{
  "nodes": {
    "nixpkgs": {
      "locked": {
        "lastModified": 1672596001,
        "narHash": "sha256-xW7VO0uAjccAhHevHl+6vutHFfXulvqcwljgXw5YOog=",
        "owner": "ElvishJerricco",
        "repo": "nixpkgs",
        "rev": "85012bad1127399d26b689861f50b8ddee4cbf17",
        "type": "github"
      },
      "original": {
        "owner": "ElvishJerricco",
        "ref": "systemd-stage-1-networkd",
        "repo": "nixpkgs",
        "type": "github"
      }
    },
    "root": {
      "inputs": {
        "nixpkgs": "nixpkgs"
      }
    }
  },
  "root": "root",
  "version": 7
}
