{
  "nodes": {
    "colmena": {
      "inputs": {
        "flake-compat": "flake-compat",
        "nixpkgs": "nixpkgs",
        "stable": "stable",
        "utils": "utils"
      },
      "locked": {
        "lastModified": 1651093858,
        "narHash": "sha256-aGpMiY9pS2616AfAVWA87tULKatDYF2kCKxwYstK8V0=",
        "owner": "zhaofengli",
        "repo": "colmena",
        "rev": "fbefc48d8951347b30ef87e223be6075769810ff",
        "type": "github"
      },
      "original": {
        "owner": "zhaofengli",
        "ref": "stable",
        "repo": "colmena",
        "type": "github"
      }
    },
    "flake-compat": {
      "flake": false,
      "locked": {
        "lastModified": 1650374568,
        "narHash": "sha256-Z+s0J8/r907g149rllvwhb4pKi8Wam5ij0st8PwAh+E=",
        "owner": "edolstra",
        "repo": "flake-compat",
        "rev": "b4a34015c698c7793d592d66adbab377907a2be8",
        "type": "github"
      },
      "original": {
        "owner": "edolstra",
        "repo": "flake-compat",
        "type": "github"
      }
    },
    "flake-parts": {
      "inputs": {
        "nixpkgs": [
          "nix-dabei",
          "nixpkgs"
        ]
      },
      "locked": {
        "lastModified": 1663071030,
        "narHash": "sha256-vqdGU5iR2nKiSH6Z0bhNAwg/6szAicXaopv7lpMRNRg=",
        "owner": "hercules-ci",
        "repo": "flake-parts",
        "rev": "89cce5852d100df3d815c3c4a3fd39e55b3e1bfc",
        "type": "github"
      },
      "original": {
        "id": "flake-parts",
        "type": "indirect"
      }
    },
    "nix-dabei": {
      "inputs": {
        "flake-parts": "flake-parts",
        "nixpkgs": [
          "nixpkgs"
        ]
      },
      "locked": {
        "lastModified": 1664552933,
        "narHash": "sha256-0E3ak8iW6RpPKU9bwcPVs1QWUzLigNZaRlvd62CPiik=",
        "owner": "dep-sys",
        "repo": "nix-dabei",
        "rev": "bd7b458f98469cbedefc0a15252f5373b36d3239",
        "type": "github"
      },
      "original": {
        "owner": "dep-sys",
        "repo": "nix-dabei",
        "type": "github"
      }
    },
    "nixpkgs": {
      "locked": {
        "lastModified": 1650831523,
        "narHash": "sha256-6pDZ08SAXsUx5rOP391x+TG39ENP/XA8VMa1tQvgEjc=",
        "owner": "NixOS",
        "repo": "nixpkgs",
        "rev": "87d34a6b8982e901b8e50096b8e79ebc0e66cda0",
        "type": "github"
      },
      "original": {
        "owner": "NixOS",
        "ref": "nixos-unstable",
        "repo": "nixpkgs",
        "type": "github"
      }
    },
    "nixpkgs_2": {
      "locked": {
        "lastModified": 1663761423,
        "narHash": "sha256-bDLXl2BVq7eIQz/8CduZI1SLyhG9u/CrckHd6f7bwPE=",
        "owner": "NixOS",
        "repo": "nixpkgs",
        "rev": "d6490a0bd9dfb298fcd8382d3363b86870dc7340",
        "type": "github"
      },
      "original": {
        "owner": "NixOS",
        "ref": "nixos-unstable",
        "repo": "nixpkgs",
        "type": "github"
      }
    },
    "root": {
      "inputs": {
        "colmena": "colmena",
        "nix-dabei": "nix-dabei",
        "nixpkgs": "nixpkgs_2"
      }
    },
    "stable": {
      "locked": {
        "lastModified": 1650830814,
        "narHash": "sha256-P7vGsHdS19eHVUJt4BeQA4JfauL2nOpEcnYKIbX76YM=",
        "owner": "NixOS",
        "repo": "nixpkgs",
        "rev": "c254b8c915ac912ae9ee9dc74eac555ccbf33795",
        "type": "github"
      },
      "original": {
        "owner": "NixOS",
        "ref": "nixos-21.11",
        "repo": "nixpkgs",
        "type": "github"
      }
    },
    "utils": {
      "locked": {
        "lastModified": 1649676176,
        "narHash": "sha256-OWKJratjt2RW151VUlJPRALb7OU2S5s+f0vLj4o1bHM=",
        "owner": "numtide",
        "repo": "flake-utils",
        "rev": "a4b154ebbdc88c8498a5c7b01589addc9e9cb678",
        "type": "github"
      },
      "original": {
        "owner": "numtide",
        "repo": "flake-utils",
        "type": "github"
      }
    }
  },
  "root": "root",
  "version": 7
}
